
Microsoft Visual Studio Solution File, Format Version 12.00
# Visual Studio Version 17
VisualStudioVersion = 17.2.32602.215
MinimumVisualStudioVersion = 10.0.40219.1
Project("{9A19103F-16F7-4668-BE54-9A1E7A4F7556}") = "NewWpfDev", "NewWpfDev.csproj", "{9C509FD7-1FB7-4FCE-80ED-A49CE62D5437}"
	ProjectSection(ProjectDependencies) = postProject
		{5E60A43F-5CCE-4F40-A118-40C62B1252B0} = {5E60A43F-5CCE-4F40-A118-40C62B1252B0}
	EndProjectSection
EndProject
Project("{9A19103F-16F7-4668-BE54-9A1E7A4F7556}") = "WpfLib1", "..\WpfLib1\WpfLib1.csproj", "{7D128F2A-292F-42CF-85D3-3A0AD9FFE927}"
EndProject
Project("{FAE04EC0-301F-11D3-BF4B-00C04F79EFBC}") = "commandtest", "..\commandtest\commandtest.csproj", "{AAC2A387-E69D-44B4-9200-9FA7D7FA35EC}"
EndProject
Project("{FAE04EC0-301F-11D3-BF4B-00C04F79EFBC}") = "AdoExample", "..\AdoExample\AdoExample.csproj", "{C37ED58F-8624-4EA0-A05E-73E4474D7B99}"
EndProject
Project("{9A19103F-16F7-4668-BE54-9A1E7A4F7556}") = "GenericSqlLib", "..\GenericSqlLib\GenericSqlLib.csproj", "{D5663890-8028-47E7-AE98-2E8FC9E3929E}"
EndProject
Project("{9A19103F-16F7-4668-BE54-9A1E7A4F7556}") = "DapperGenericsLib", "..\DapperGenericsLib\DapperGenericsLib.csproj", "{5E60A43F-5CCE-4F40-A118-40C62B1252B0}"
EndProject
Project("{2150E333-8FDC-42A3-9474-1A3956D46DE8}") = "Solution Items", "Solution Items", "{2D553044-65F9-4D87-BC33-34284B46C810}"
EndProject
Project("{9A19103F-16F7-4668-BE54-9A1E7A4F7556}") = "FlowdocFind", "..\FlowdocFind\FlowdocFind.csproj", "{6C24968F-F4EB-4D63-A11D-AAD47191FC77}"
EndProject
Project("{9A19103F-16F7-4668-BE54-9A1E7A4F7556}") = "DapperGenQueries", "..\DapperGenQueries\DapperGenQueries.csproj", "{9BAC20FC-2094-47BD-BD24-4F0BA43C4130}"
	ProjectSection(ProjectDependencies) = postProject
		{D5663890-8028-47E7-AE98-2E8FC9E3929E} = {D5663890-8028-47E7-AE98-2E8FC9E3929E}
	EndProjectSection
EndProject
Project("{FAE04EC0-301F-11D3-BF4B-00C04F79EFBC}") = "WpfLibrary2", "..\WpfLibrary2\WpfLibrary2.csproj", "{DB08B3E6-971D-40D6-9999-C2BAD70A26D2}"
EndProject
Global
	GlobalSection(SolutionConfigurationPlatforms) = preSolution
		Debug|Any CPU = Debug|Any CPU
		Debug|arm64 = Debug|arm64
		Debug|x64 = Debug|x64
		Debug|x86 = Debug|x86
		Release|Any CPU = Release|Any CPU
		Release|arm64 = Release|arm64
		Release|x64 = Release|x64
		Release|x86 = Release|x86
	EndGlobalSection
	GlobalSection(ProjectConfigurationPlatforms) = postSolution
		{9C509FD7-1FB7-4FCE-80ED-A49CE62D5437}.Debug|Any CPU.ActiveCfg = Debug|Any CPU
		{9C509FD7-1FB7-4FCE-80ED-A49CE62D5437}.Debug|Any CPU.Build.0 = Debug|Any CPU
		{9C509FD7-1FB7-4FCE-80ED-A49CE62D5437}.Debug|arm64.ActiveCfg = Debug|Any CPU
		{9C509FD7-1FB7-4FCE-80ED-A49CE62D5437}.Debug|arm64.Build.0 = Debug|Any CPU
		{9C509FD7-1FB7-4FCE-80ED-A49CE62D5437}.Debug|x64.ActiveCfg = Debug|Any CPU
		{9C509FD7-1FB7-4FCE-80ED-A49CE62D5437}.Debug|x64.Build.0 = Debug|Any CPU
		{9C509FD7-1FB7-4FCE-80ED-A49CE62D5437}.Debug|x86.ActiveCfg = Debug|Any CPU
		{9C509FD7-1FB7-4FCE-80ED-A49CE62D5437}.Debug|x86.Build.0 = Debug|Any CPU
		{9C509FD7-1FB7-4FCE-80ED-A49CE62D5437}.Release|Any CPU.ActiveCfg = Release|Any CPU
		{9C509FD7-1FB7-4FCE-80ED-A49CE62D5437}.Release|Any CPU.Build.0 = Release|Any CPU
		{9C509FD7-1FB7-4FCE-80ED-A49CE62D5437}.Release|arm64.ActiveCfg = Release|Any CPU
		{9C509FD7-1FB7-4FCE-80ED-A49CE62D5437}.Release|arm64.Build.0 = Release|Any CPU
		{9C509FD7-1FB7-4FCE-80ED-A49CE62D5437}.Release|x64.ActiveCfg = Release|x64
		{9C509FD7-1FB7-4FCE-80ED-A49CE62D5437}.Release|x64.Build.0 = Release|x64
		{9C509FD7-1FB7-4FCE-80ED-A49CE62D5437}.Release|x86.ActiveCfg = Release|Any CPU
		{9C509FD7-1FB7-4FCE-80ED-A49CE62D5437}.Release|x86.Build.0 = Release|Any CPU
		{7D128F2A-292F-42CF-85D3-3A0AD9FFE927}.Debug|Any CPU.ActiveCfg = Debug|Any CPU
		{7D128F2A-292F-42CF-85D3-3A0AD9FFE927}.Debug|Any CPU.Build.0 = Debug|Any CPU
		{7D128F2A-292F-42CF-85D3-3A0AD9FFE927}.Debug|arm64.ActiveCfg = Debug|Any CPU
		{7D128F2A-292F-42CF-85D3-3A0AD9FFE927}.Debug|arm64.Build.0 = Debug|Any CPU
		{7D128F2A-292F-42CF-85D3-3A0AD9FFE927}.Debug|x64.ActiveCfg = Debug|Any CPU
		{7D128F2A-292F-42CF-85D3-3A0AD9FFE927}.Debug|x64.Build.0 = Debug|Any CPU
		{7D128F2A-292F-42CF-85D3-3A0AD9FFE927}.Debug|x86.ActiveCfg = Debug|Any CPU
		{7D128F2A-292F-42CF-85D3-3A0AD9FFE927}.Debug|x86.Build.0 = Debug|Any CPU
		{7D128F2A-292F-42CF-85D3-3A0AD9FFE927}.Release|Any CPU.ActiveCfg = Release|Any CPU
		{7D128F2A-292F-42CF-85D3-3A0AD9FFE927}.Release|Any CPU.Build.0 = Release|Any CPU
		{7D128F2A-292F-42CF-85D3-3A0AD9FFE927}.Release|arm64.ActiveCfg = Release|Any CPU
		{7D128F2A-292F-42CF-85D3-3A0AD9FFE927}.Release|arm64.Build.0 = Release|Any CPU
		{7D128F2A-292F-42CF-85D3-3A0AD9FFE927}.Release|x64.ActiveCfg = Release|x64
		{7D128F2A-292F-42CF-85D3-3A0AD9FFE927}.Release|x64.Build.0 = Release|x64
		{7D128F2A-292F-42CF-85D3-3A0AD9FFE927}.Release|x86.ActiveCfg = Release|Any CPU
		{7D128F2A-292F-42CF-85D3-3A0AD9FFE927}.Release|x86.Build.0 = Release|Any CPU
		{AAC2A387-E69D-44B4-9200-9FA7D7FA35EC}.Debug|Any CPU.ActiveCfg = Debug|Any CPU
		{AAC2A387-E69D-44B4-9200-9FA7D7FA35EC}.Debug|Any CPU.Build.0 = Debug|Any CPU
		{AAC2A387-E69D-44B4-9200-9FA7D7FA35EC}.Debug|arm64.ActiveCfg = Debug|Any CPU
		{AAC2A387-E69D-44B4-9200-9FA7D7FA35EC}.Debug|arm64.Build.0 = Debug|Any CPU
		{AAC2A387-E69D-44B4-9200-9FA7D7FA35EC}.Debug|x64.ActiveCfg = Debug|Any CPU
		{AAC2A387-E69D-44B4-9200-9FA7D7FA35EC}.Debug|x64.Build.0 = Debug|Any CPU
		{AAC2A387-E69D-44B4-9200-9FA7D7FA35EC}.Debug|x86.ActiveCfg = Debug|Any CPU
		{AAC2A387-E69D-44B4-9200-9FA7D7FA35EC}.Debug|x86.Build.0 = Debug|Any CPU
		{AAC2A387-E69D-44B4-9200-9FA7D7FA35EC}.Release|Any CPU.ActiveCfg = Release|Any CPU
		{AAC2A387-E69D-44B4-9200-9FA7D7FA35EC}.Release|Any CPU.Build.0 = Release|Any CPU
		{AAC2A387-E69D-44B4-9200-9FA7D7FA35EC}.Release|arm64.ActiveCfg = Release|Any CPU
		{AAC2A387-E69D-44B4-9200-9FA7D7FA35EC}.Release|arm64.Build.0 = Release|Any CPU
		{AAC2A387-E69D-44B4-9200-9FA7D7FA35EC}.Release|x64.ActiveCfg = Release|Any CPU
		{AAC2A387-E69D-44B4-9200-9FA7D7FA35EC}.Release|x64.Build.0 = Release|Any CPU
		{AAC2A387-E69D-44B4-9200-9FA7D7FA35EC}.Release|x86.ActiveCfg = Release|Any CPU
		{AAC2A387-E69D-44B4-9200-9FA7D7FA35EC}.Release|x86.Build.0 = Release|Any CPU
		{C37ED58F-8624-4EA0-A05E-73E4474D7B99}.Debug|Any CPU.ActiveCfg = Debug|Any CPU
		{C37ED58F-8624-4EA0-A05E-73E4474D7B99}.Debug|Any CPU.Build.0 = Debug|Any CPU
		{C37ED58F-8624-4EA0-A05E-73E4474D7B99}.Debug|arm64.ActiveCfg = Debug|Any CPU
		{C37ED58F-8624-4EA0-A05E-73E4474D7B99}.Debug|arm64.Build.0 = Debug|Any CPU
		{C37ED58F-8624-4EA0-A05E-73E4474D7B99}.Debug|x64.ActiveCfg = Debug|Any CPU
		{C37ED58F-8624-4EA0-A05E-73E4474D7B99}.Debug|x64.Build.0 = Debug|Any CPU
		{C37ED58F-8624-4EA0-A05E-73E4474D7B99}.Debug|x86.ActiveCfg = Debug|Any CPU
		{C37ED58F-8624-4EA0-A05E-73E4474D7B99}.Debug|x86.Build.0 = Debug|Any CPU
		{C37ED58F-8624-4EA0-A05E-73E4474D7B99}.Release|Any CPU.ActiveCfg = Release|Any CPU
		{C37ED58F-8624-4EA0-A05E-73E4474D7B99}.Release|Any CPU.Build.0 = Release|Any CPU
		{C37ED58F-8624-4EA0-A05E-73E4474D7B99}.Release|arm64.ActiveCfg = Release|Any CPU
		{C37ED58F-8624-4EA0-A05E-73E4474D7B99}.Release|arm64.Build.0 = Release|Any CPU
		{C37ED58F-8624-4EA0-A05E-73E4474D7B99}.Release|x64.ActiveCfg = Release|Any CPU
		{C37ED58F-8624-4EA0-A05E-73E4474D7B99}.Release|x64.Build.0 = Release|Any CPU
		{C37ED58F-8624-4EA0-A05E-73E4474D7B99}.Release|x86.ActiveCfg = Release|Any CPU
		{C37ED58F-8624-4EA0-A05E-73E4474D7B99}.Release|x86.Build.0 = Release|Any CPU
		{D5663890-8028-47E7-AE98-2E8FC9E3929E}.Debug|Any CPU.ActiveCfg = Debug|Any CPU
		{D5663890-8028-47E7-AE98-2E8FC9E3929E}.Debug|Any CPU.Build.0 = Debug|Any CPU
		{D5663890-8028-47E7-AE98-2E8FC9E3929E}.Debug|arm64.ActiveCfg = Debug|Any CPU
		{D5663890-8028-47E7-AE98-2E8FC9E3929E}.Debug|arm64.Build.0 = Debug|Any CPU
		{D5663890-8028-47E7-AE98-2E8FC9E3929E}.Debug|x64.ActiveCfg = Debug|Any CPU
		{D5663890-8028-47E7-AE98-2E8FC9E3929E}.Debug|x64.Build.0 = Debug|Any CPU
		{D5663890-8028-47E7-AE98-2E8FC9E3929E}.Debug|x86.ActiveCfg = Debug|Any CPU
		{D5663890-8028-47E7-AE98-2E8FC9E3929E}.Debug|x86.Build.0 = Debug|Any CPU
		{D5663890-8028-47E7-AE98-2E8FC9E3929E}.Release|Any CPU.ActiveCfg = Release|Any CPU
		{D5663890-8028-47E7-AE98-2E8FC9E3929E}.Release|Any CPU.Build.0 = Release|Any CPU
		{D5663890-8028-47E7-AE98-2E8FC9E3929E}.Release|arm64.ActiveCfg = Release|Any CPU
		{D5663890-8028-47E7-AE98-2E8FC9E3929E}.Release|arm64.Build.0 = Release|Any CPU
		{D5663890-8028-47E7-AE98-2E8FC9E3929E}.Release|x64.ActiveCfg = Release|Any CPU
		{D5663890-8028-47E7-AE98-2E8FC9E3929E}.Release|x64.Build.0 = Release|Any CPU
		{D5663890-8028-47E7-AE98-2E8FC9E3929E}.Release|x86.ActiveCfg = Release|Any CPU
		{D5663890-8028-47E7-AE98-2E8FC9E3929E}.Release|x86.Build.0 = Release|Any CPU
		{5E60A43F-5CCE-4F40-A118-40C62B1252B0}.Debug|Any CPU.ActiveCfg = Debug|Any CPU
		{5E60A43F-5CCE-4F40-A118-40C62B1252B0}.Debug|Any CPU.Build.0 = Debug|Any CPU
		{5E60A43F-5CCE-4F40-A118-40C62B1252B0}.Debug|arm64.ActiveCfg = Debug|Any CPU
		{5E60A43F-5CCE-4F40-A118-40C62B1252B0}.Debug|arm64.Build.0 = Debug|Any CPU
		{5E60A43F-5CCE-4F40-A118-40C62B1252B0}.Debug|x64.ActiveCfg = Debug|Any CPU
		{5E60A43F-5CCE-4F40-A118-40C62B1252B0}.Debug|x64.Build.0 = Debug|Any CPU
		{5E60A43F-5CCE-4F40-A118-40C62B1252B0}.Debug|x86.ActiveCfg = Debug|Any CPU
		{5E60A43F-5CCE-4F40-A118-40C62B1252B0}.Debug|x86.Build.0 = Debug|Any CPU
		{5E60A43F-5CCE-4F40-A118-40C62B1252B0}.Release|Any CPU.ActiveCfg = Release|Any CPU
		{5E60A43F-5CCE-4F40-A118-40C62B1252B0}.Release|Any CPU.Build.0 = Release|Any CPU
		{5E60A43F-5CCE-4F40-A118-40C62B1252B0}.Release|arm64.ActiveCfg = Release|Any CPU
		{5E60A43F-5CCE-4F40-A118-40C62B1252B0}.Release|arm64.Build.0 = Release|Any CPU
		{5E60A43F-5CCE-4F40-A118-40C62B1252B0}.Release|x64.ActiveCfg = Release|Any CPU
		{5E60A43F-5CCE-4F40-A118-40C62B1252B0}.Release|x64.Build.0 = Release|Any CPU
		{5E60A43F-5CCE-4F40-A118-40C62B1252B0}.Release|x86.ActiveCfg = Release|Any CPU
		{5E60A43F-5CCE-4F40-A118-40C62B1252B0}.Release|x86.Build.0 = Release|Any CPU
		{6C24968F-F4EB-4D63-A11D-AAD47191FC77}.Debug|Any CPU.ActiveCfg = Debug|Any CPU
		{6C24968F-F4EB-4D63-A11D-AAD47191FC77}.Debug|Any CPU.Build.0 = Debug|Any CPU
		{6C24968F-F4EB-4D63-A11D-AAD47191FC77}.Debug|arm64.ActiveCfg = Debug|Any CPU
		{6C24968F-F4EB-4D63-A11D-AAD47191FC77}.Debug|arm64.Build.0 = Debug|Any CPU
		{6C24968F-F4EB-4D63-A11D-AAD47191FC77}.Debug|x64.ActiveCfg = Debug|Any CPU
		{6C24968F-F4EB-4D63-A11D-AAD47191FC77}.Debug|x64.Build.0 = Debug|Any CPU
		{6C24968F-F4EB-4D63-A11D-AAD47191FC77}.Debug|x86.ActiveCfg = Debug|Any CPU
		{6C24968F-F4EB-4D63-A11D-AAD47191FC77}.Debug|x86.Build.0 = Debug|Any CPU
		{6C24968F-F4EB-4D63-A11D-AAD47191FC77}.Release|Any CPU.ActiveCfg = Release|Any CPU
		{6C24968F-F4EB-4D63-A11D-AAD47191FC77}.Release|Any CPU.Build.0 = Release|Any CPU
		{6C24968F-F4EB-4D63-A11D-AAD47191FC77}.Release|arm64.ActiveCfg = Release|Any CPU
		{6C24968F-F4EB-4D63-A11D-AAD47191FC77}.Release|arm64.Build.0 = Release|Any CPU
		{6C24968F-F4EB-4D63-A11D-AAD47191FC77}.Release|x64.ActiveCfg = Release|Any CPU
		{6C24968F-F4EB-4D63-A11D-AAD47191FC77}.Release|x64.Build.0 = Release|Any CPU
		{6C24968F-F4EB-4D63-A11D-AAD47191FC77}.Release|x86.ActiveCfg = Release|Any CPU
		{6C24968F-F4EB-4D63-A11D-AAD47191FC77}.Release|x86.Build.0 = Release|Any CPU
		{9BAC20FC-2094-47BD-BD24-4F0BA43C4130}.Debug|Any CPU.ActiveCfg = Debug|Any CPU
		{9BAC20FC-2094-47BD-BD24-4F0BA43C4130}.Debug|Any CPU.Build.0 = Debug|Any CPU
		{9BAC20FC-2094-47BD-BD24-4F0BA43C4130}.Debug|arm64.ActiveCfg = Debug|Any CPU
		{9BAC20FC-2094-47BD-BD24-4F0BA43C4130}.Debug|arm64.Build.0 = Debug|Any CPU
		{9BAC20FC-2094-47BD-BD24-4F0BA43C4130}.Debug|x64.ActiveCfg = Debug|Any CPU
		{9BAC20FC-2094-47BD-BD24-4F0BA43C4130}.Debug|x64.Build.0 = Debug|Any CPU
		{9BAC20FC-2094-47BD-BD24-4F0BA43C4130}.Debug|x86.ActiveCfg = Debug|Any CPU
		{9BAC20FC-2094-47BD-BD24-4F0BA43C4130}.Debug|x86.Build.0 = Debug|Any CPU
		{9BAC20FC-2094-47BD-BD24-4F0BA43C4130}.Release|Any CPU.ActiveCfg = Release|Any CPU
		{9BAC20FC-2094-47BD-BD24-4F0BA43C4130}.Release|Any CPU.Build.0 = Release|Any CPU
		{9BAC20FC-2094-47BD-BD24-4F0BA43C4130}.Release|arm64.ActiveCfg = Release|Any CPU
		{9BAC20FC-2094-47BD-BD24-4F0BA43C4130}.Release|arm64.Build.0 = Release|Any CPU
		{9BAC20FC-2094-47BD-BD24-4F0BA43C4130}.Release|x64.ActiveCfg = Release|Any CPU
		{9BAC20FC-2094-47BD-BD24-4F0BA43C4130}.Release|x64.Build.0 = Release|Any CPU
		{9BAC20FC-2094-47BD-BD24-4F0BA43C4130}.Release|x86.ActiveCfg = Release|Any CPU
		{9BAC20FC-2094-47BD-BD24-4F0BA43C4130}.Release|x86.Build.0 = Release|Any CPU
		{DB08B3E6-971D-40D6-9999-C2BAD70A26D2}.Debug|Any CPU.ActiveCfg = Debug|Any CPU
		{DB08B3E6-971D-40D6-9999-C2BAD70A26D2}.Debug|Any CPU.Build.0 = Debug|Any CPU
		{DB08B3E6-971D-40D6-9999-C2BAD70A26D2}.Debug|arm64.ActiveCfg = Debug|Any CPU
		{DB08B3E6-971D-40D6-9999-C2BAD70A26D2}.Debug|arm64.Build.0 = Debug|Any CPU
		{DB08B3E6-971D-40D6-9999-C2BAD70A26D2}.Debug|x64.ActiveCfg = Debug|Any CPU
		{DB08B3E6-971D-40D6-9999-C2BAD70A26D2}.Debug|x64.Build.0 = Debug|Any CPU
		{DB08B3E6-971D-40D6-9999-C2BAD70A26D2}.Debug|x86.ActiveCfg = Debug|Any CPU
		{DB08B3E6-971D-40D6-9999-C2BAD70A26D2}.Debug|x86.Build.0 = Debug|Any CPU
		{DB08B3E6-971D-40D6-9999-C2BAD70A26D2}.Release|Any CPU.ActiveCfg = Release|Any CPU
		{DB08B3E6-971D-40D6-9999-C2BAD70A26D2}.Release|Any CPU.Build.0 = Release|Any CPU
		{DB08B3E6-971D-40D6-9999-C2BAD70A26D2}.Release|arm64.ActiveCfg = Release|Any CPU
		{DB08B3E6-971D-40D6-9999-C2BAD70A26D2}.Release|arm64.Build.0 = Release|Any CPU
		{DB08B3E6-971D-40D6-9999-C2BAD70A26D2}.Release|x64.ActiveCfg = Release|Any CPU
		{DB08B3E6-971D-40D6-9999-C2BAD70A26D2}.Release|x64.Build.0 = Release|Any CPU
		{DB08B3E6-971D-40D6-9999-C2BAD70A26D2}.Release|x86.ActiveCfg = Release|Any CPU
		{DB08B3E6-971D-40D6-9999-C2BAD70A26D2}.Release|x86.Build.0 = Release|Any CPU
	EndGlobalSection
	GlobalSection(SolutionProperties) = preSolution
		HideSolutionNode = FALSE
	EndGlobalSection
	GlobalSection(ExtensibilityGlobals) = postSolution
		SolutionGuid = {5293D1E2-ED18-4900-8EBD-9F0785724D5B}
	EndGlobalSection
EndGlobal
